// !$*UTF8*$!
{
	archiveVersion = 1;
	classes = {
	};
	objectVersion = 46;
	objects = {

/* Begin PBXBuildFile section */
		12FAAD3B1396619D00E059B9 /* UIKit.framework in Frameworks */ = {isa = PBXBuildFile; fileRef = 12FAAD3A1396619D00E059B9 /* UIKit.framework */; };
		12FAAD3D1396619D00E059B9 /* Foundation.framework in Frameworks */ = {isa = PBXBuildFile; fileRef = 12FAAD3C1396619D00E059B9 /* Foundation.framework */; };
		12FAAD3F1396619D00E059B9 /* CoreGraphics.framework in Frameworks */ = {isa = PBXBuildFile; fileRef = 12FAAD3E1396619D00E059B9 /* CoreGraphics.framework */; };
		12FAAD451396619D00E059B9 /* InfoPlist.strings in Resources */ = {isa = PBXBuildFile; fileRef = 12FAAD431396619D00E059B9 /* InfoPlist.strings */; };
		12FAAD481396619D00E059B9 /* main.m in Sources */ = {isa = PBXBuildFile; fileRef = 12FAAD471396619D00E059B9 /* main.m */; };
		12FAAD4B1396619D00E059B9 /* MedAlertAppDelegate.m in Sources */ = {isa = PBXBuildFile; fileRef = 12FAAD4A1396619D00E059B9 /* MedAlertAppDelegate.m */; };
		12FAAD4E1396619D00E059B9 /* MainWindow.xib in Resources */ = {isa = PBXBuildFile; fileRef = 12FAAD4C1396619D00E059B9 /* MainWindow.xib */; };
		12FAAD511396619D00E059B9 /* MedAlertViewController.m in Sources */ = {isa = PBXBuildFile; fileRef = 12FAAD501396619D00E059B9 /* MedAlertViewController.m */; };
		12FAAD541396619D00E059B9 /* MedAlertViewController.xib in Resources */ = {isa = PBXBuildFile; fileRef = 12FAAD521396619D00E059B9 /* MedAlertViewController.xib */; };
		12FAAD5D139669A900E059B9 /* LoginViewController.m in Sources */ = {isa = PBXBuildFile; fileRef = 12FAAD5B139669A900E059B9 /* LoginViewController.m */; };
		12FAAD5E139669A900E059B9 /* LoginViewController.xib in Resources */ = {isa = PBXBuildFile; fileRef = 12FAAD5C139669A900E059B9 /* LoginViewController.xib */; };
/* End PBXBuildFile section */

/* Begin PBXFileReference section */
		12FAAD361396619D00E059B9 /* MedAlert.app */ = {isa = PBXFileReference; explicitFileType = wrapper.application; includeInIndex = 0; path = MedAlert.app; sourceTree = BUILT_PRODUCTS_DIR; };
		12FAAD3A1396619D00E059B9 /* UIKit.framework */ = {isa = PBXFileReference; lastKnownFileType = wrapper.framework; name = UIKit.framework; path = System/Library/Frameworks/UIKit.framework; sourceTree = SDKROOT; };
		12FAAD3C1396619D00E059B9 /* Foundation.framework */ = {isa = PBXFileReference; lastKnownFileType = wrapper.framework; name = Foundation.framework; path = System/Library/Frameworks/Foundation.framework; sourceTree = SDKROOT; };
		12FAAD3E1396619D00E059B9 /* CoreGraphics.framework */ = {isa = PBXFileReference; lastKnownFileType = wrapper.framework; name = CoreGraphics.framework; path = System/Library/Frameworks/CoreGraphics.framework; sourceTree = SDKROOT; };
		12FAAD421396619D00E059B9 /* MedAlert-Info.plist */ = {isa = PBXFileReference; lastKnownFileType = text.plist.xml; path = "MedAlert-Info.plist"; sourceTree = "<group>"; };
		12FAAD441396619D00E059B9 /* en */ = {isa = PBXFileReference; lastKnownFileType = text.plist.strings; name = en; path = en.lproj/InfoPlist.strings; sourceTree = "<group>"; };
		12FAAD461396619D00E059B9 /* MedAlert-Prefix.pch */ = {isa = PBXFileReference; lastKnownFileType = sourcecode.c.h; path = "MedAlert-Prefix.pch"; sourceTree = "<group>"; };
		12FAAD471396619D00E059B9 /* main.m */ = {isa = PBXFileReference; lastKnownFileType = sourcecode.c.objc; path = main.m; sourceTree = "<group>"; };
		12FAAD491396619D00E059B9 /* MedAlertAppDelegate.h */ = {isa = PBXFileReference; lastKnownFileType = sourcecode.c.h; path = MedAlertAppDelegate.h; sourceTree = "<group>"; };
		12FAAD4A1396619D00E059B9 /* MedAlertAppDelegate.m */ = {isa = PBXFileReference; lastKnownFileType = sourcecode.c.objc; path = MedAlertAppDelegate.m; sourceTree = "<group>"; };
		12FAAD4D1396619D00E059B9 /* en */ = {isa = PBXFileReference; lastKnownFileType = file.xib; name = en; path = en.lproj/MainWindow.xib; sourceTree = "<group>"; };
		12FAAD4F1396619D00E059B9 /* MedAlertViewController.h */ = {isa = PBXFileReference; lastKnownFileType = sourcecode.c.h; path = MedAlertViewController.h; sourceTree = "<group>"; };
		12FAAD501396619D00E059B9 /* MedAlertViewController.m */ = {isa = PBXFileReference; lastKnownFileType = sourcecode.c.objc; path = MedAlertViewController.m; sourceTree = "<group>"; };
		12FAAD531396619D00E059B9 /* en */ = {isa = PBXFileReference; lastKnownFileType = file.xib; name = en; path = en.lproj/MedAlertViewController.xib; sourceTree = "<group>"; };
		12FAAD5A139669A900E059B9 /* LoginViewController.h */ = {isa = PBXFileReference; fileEncoding = 4; lastKnownFileType = sourcecode.c.h; path = LoginViewController.h; sourceTree = "<group>"; };
		12FAAD5B139669A900E059B9 /* LoginViewController.m */ = {isa = PBXFileReference; fileEncoding = 4; lastKnownFileType = sourcecode.c.objc; path = LoginViewController.m; sourceTree = "<group>"; };
		12FAAD5C139669A900E059B9 /* LoginViewController.xib */ = {isa = PBXFileReference; fileEncoding = 4; lastKnownFileType = file.xib; path = LoginViewController.xib; sourceTree = "<group>"; };
/* End PBXFileReference section */

/* Begin PBXFrameworksBuildPhase section */
		12FAAD331396619D00E059B9 /* Frameworks */ = {
			isa = PBXFrameworksBuildPhase;
			buildActionMask = 2147483647;
			files = (
				12FAAD3B1396619D00E059B9 /* UIKit.framework in Frameworks */,
				12FAAD3D1396619D00E059B9 /* Foundation.framework in Frameworks */,
				12FAAD3F1396619D00E059B9 /* CoreGraphics.framework in Frameworks */,
			);
			runOnlyForDeploymentPostprocessing = 0;
		};
/* End PBXFrameworksBuildPhase section */

/* Begin PBXGroup section */
		12FAAD2B1396619D00E059B9 = {
			isa = PBXGroup;
			children = (
				12FAAD401396619D00E059B9 /* MedAlert */,
				12FAAD391396619D00E059B9 /* Frameworks */,
				12FAAD371396619D00E059B9 /* Products */,
			);
			sourceTree = "<group>";
		};
		12FAAD371396619D00E059B9 /* Products */ = {
			isa = PBXGroup;
			children = (
				12FAAD361396619D00E059B9 /* MedAlert.app */,
			);
			name = Products;
			sourceTree = "<group>";
		};
		12FAAD391396619D00E059B9 /* Frameworks */ = {
			isa = PBXGroup;
			children = (
				12FAAD3A1396619D00E059B9 /* UIKit.framework */,
				12FAAD3C1396619D00E059B9 /* Foundation.framework */,
				12FAAD3E1396619D00E059B9 /* CoreGraphics.framework */,
			);
			name = Frameworks;
			sourceTree = "<group>";
		};
		12FAAD401396619D00E059B9 /* MedAlert */ = {
			isa = PBXGroup;
			children = (
				12FAAD491396619D00E059B9 /* MedAlertAppDelegate.h */,
				12FAAD4A1396619D00E059B9 /* MedAlertAppDelegate.m */,
				12FAAD4C1396619D00E059B9 /* MainWindow.xib */,
				12FAAD4F1396619D00E059B9 /* MedAlertViewController.h */,
				12FAAD501396619D00E059B9 /* MedAlertViewController.m */,
				12FAAD521396619D00E059B9 /* MedAlertViewController.xib */,
				12FAAD411396619D00E059B9 /* Supporting Files */,
				12FAAD5A139669A900E059B9 /* LoginViewController.h */,
				12FAAD5B139669A900E059B9 /* LoginViewController.m */,
				12FAAD5C139669A900E059B9 /* LoginViewController.xib */,
			);
			path = MedAlert;
			sourceTree = "<group>";
		};
		12FAAD411396619D00E059B9 /* Supporting Files */ = {
			isa = PBXGroup;
			children = (
				12FAAD421396619D00E059B9 /* MedAlert-Info.plist */,
				12FAAD431396619D00E059B9 /* InfoPlist.strings */,
				12FAAD461396619D00E059B9 /* MedAlert-Prefix.pch */,
				12FAAD471396619D00E059B9 /* main.m */,
			);
			name = "Supporting Files";
			sourceTree = "<group>";
		};
/* End PBXGroup section */

/* Begin PBXNativeTarget section */
		12FAAD351396619D00E059B9 /* MedAlert */ = {
			isa = PBXNativeTarget;
			buildConfigurationList = 12FAAD571396619D00E059B9 /* Build configuration list for PBXNativeTarget "MedAlert" */;
			buildPhases = (
				12FAAD321396619D00E059B9 /* Sources */,
				12FAAD331396619D00E059B9 /* Frameworks */,
				12FAAD341396619D00E059B9 /* Resources */,
			);
			buildRules = (
			);
			dependencies = (
			);
			name = MedAlert;
			productName = MedAlert;
			productReference = 12FAAD361396619D00E059B9 /* MedAlert.app */;
			productType = "com.apple.product-type.application";
		};
/* End PBXNativeTarget section */

/* Begin PBXProject section */
		12FAAD2D1396619D00E059B9 /* Project object */ = {
			isa = PBXProject;
			buildConfigurationList = 12FAAD301396619D00E059B9 /* Build configuration list for PBXProject "MedAlert" */;
			compatibilityVersion = "Xcode 3.2";
			developmentRegion = English;
			hasScannedForEncodings = 0;
			knownRegions = (
				en,
			);
			mainGroup = 12FAAD2B1396619D00E059B9;
			productRefGroup = 12FAAD371396619D00E059B9 /* Products */;
			projectDirPath = "";
			projectRoot = "";
			targets = (
				12FAAD351396619D00E059B9 /* MedAlert */,
			);
		};
/* End PBXProject section */

/* Begin PBXResourcesBuildPhase section */
		12FAAD341396619D00E059B9 /* Resources */ = {
			isa = PBXResourcesBuildPhase;
			buildActionMask = 2147483647;
			files = (
				12FAAD451396619D00E059B9 /* InfoPlist.strings in Resources */,
				12FAAD4E1396619D00E059B9 /* MainWindow.xib in Resources */,
				12FAAD541396619D00E059B9 /* MedAlertViewController.xib in Resources */,
				12FAAD5E139669A900E059B9 /* LoginViewController.xib in Resources */,
			);
			runOnlyForDeploymentPostprocessing = 0;
		};
/* End PBXResourcesBuildPhase section */

/* Begin PBXSourcesBuildPhase section */
		12FAAD321396619D00E059B9 /* Sources */ = {
			isa = PBXSourcesBuildPhase;
			buildActionMask = 2147483647;
			files = (
				12FAAD481396619D00E059B9 /* main.m in Sources */,
				12FAAD4B1396619D00E059B9 /* MedAlertAppDelegate.m in Sources */,
				12FAAD511396619D00E059B9 /* MedAlertViewController.m in Sources */,
				12FAAD5D139669A900E059B9 /* LoginViewController.m in Sources */,
			);
			runOnlyForDeploymentPostprocessing = 0;
		};
/* End PBXSourcesBuildPhase section */

/* Begin PBXVariantGroup section */
		12FAAD431396619D00E059B9 /* InfoPlist.strings */ = {
			isa = PBXVariantGroup;
			children = (
				12FAAD441396619D00E059B9 /* en */,
			);
			name = InfoPlist.strings;
			sourceTree = "<group>";
		};
		12FAAD4C1396619D00E059B9 /* MainWindow.xib */ = {
			isa = PBXVariantGroup;
			children = (
				12FAAD4D1396619D00E059B9 /* en */,
			);
			name = MainWindow.xib;
			sourceTree = "<group>";
		};
		12FAAD521396619D00E059B9 /* MedAlertViewController.xib */ = {
			isa = PBXVariantGroup;
			children = (
				12FAAD531396619D00E059B9 /* en */,
			);
			name = MedAlertViewController.xib;
			sourceTree = "<group>";
		};
/* End PBXVariantGroup section */

/* Begin XCBuildConfiguration section */
		12FAAD551396619D00E059B9 /* Debug */ = {
			isa = XCBuildConfiguration;
			buildSettings = {
				ARCHS = "$(ARCHS_STANDARD_32_BIT)";
				"CODE_SIGN_IDENTITY[sdk=iphoneos*]" = "iPhone Developer";
				GCC_C_LANGUAGE_STANDARD = gnu99;
				GCC_OPTIMIZATION_LEVEL = 0;
				GCC_PREPROCESSOR_DEFINITIONS = DEBUG;
				GCC_SYMBOLS_PRIVATE_EXTERN = NO;
				GCC_VERSION = com.apple.compilers.llvmgcc42;
				GCC_WARN_ABOUT_RETURN_TYPE = YES;
				GCC_WARN_UNUSED_VARIABLE = YES;
				IPHONEOS_DEPLOYMENT_TARGET = 4.3;
				SDKROOT = iphoneos;
			};
			name = Debug;
		};
		12FAAD561396619D00E059B9 /* Release */ = {
			isa = XCBuildConfiguration;
			buildSettings = {
				ARCHS = "$(ARCHS_STANDARD_32_BIT)";
				"CODE_SIGN_IDENTITY[sdk=iphoneos*]" = "iPhone Developer";
				GCC_C_LANGUAGE_STANDARD = gnu99;
				GCC_VERSION = com.apple.compilers.llvmgcc42;
				GCC_WARN_ABOUT_RETURN_TYPE = YES;
				GCC_WARN_UNUSED_VARIABLE = YES;
				IPHONEOS_DEPLOYMENT_TARGET = 4.3;
				OTHER_CFLAGS = "-DNS_BLOCK_ASSERTIONS=1";
				SDKROOT = iphoneos;
			};
			name = Release;
		};
		12FAAD581396619D00E059B9 /* Debug */ = {
			isa = XCBuildConfiguration;
			buildSettings = {
				ALWAYS_SEARCH_USER_PATHS = NO;
				COPY_PHASE_STRIP = NO;
				GCC_DYNAMIC_NO_PIC = NO;
				GCC_PRECOMPILE_PREFIX_HEADER = YES;
				GCC_PREFIX_HEADER = "MedAlert/MedAlert-Prefix.pch";
				INFOPLIST_FILE = "MedAlert/MedAlert-Info.plist";
				PRODUCT_NAME = "$(TARGET_NAME)";
				WRAPPER_EXTENSION = app;
			};
			name = Debug;
		};
		12FAAD591396619D00E059B9 /* Release */ = {
			isa = XCBuildConfiguration;
			buildSettings = {
				ALWAYS_SEARCH_USER_PATHS = NO;
				COPY_PHASE_STRIP = YES;
				GCC_PRECOMPILE_PREFIX_HEADER = YES;
				GCC_PREFIX_HEADER = "MedAlert/MedAlert-Prefix.pch";
				INFOPLIST_FILE = "MedAlert/MedAlert-Info.plist";
				PRODUCT_NAME = "$(TARGET_NAME)";
				VALIDATE_PRODUCT = YES;
				WRAPPER_EXTENSION = app;
			};
			name = Release;
		};
/* End XCBuildConfiguration section */

/* Begin XCConfigurationList section */
		12FAAD301396619D00E059B9 /* Build configuration list for PBXProject "MedAlert" */ = {
			isa = XCConfigurationList;
			buildConfigurations = (
				12FAAD551396619D00E059B9 /* Debug */,
				12FAAD561396619D00E059B9 /* Release */,
			);
			defaultConfigurationIsVisible = 0;
			defaultConfigurationName = Release;
		};
		12FAAD571396619D00E059B9 /* Build configuration list for PBXNativeTarget "MedAlert" */ = {
			isa = XCConfigurationList;
			buildConfigurations = (
				12FAAD581396619D00E059B9 /* Debug */,
				12FAAD591396619D00E059B9 /* Release */,
			);
			defaultConfigurationIsVisible = 0;
		};
/* End XCConfigurationList section */
	};
	rootObject = 12FAAD2D1396619D00E059B9 /* Project object */;
}
